
Microsoft Visual Studio Solution File, Format Version 12.00
Project("{FAE04EC0-301F-11D3-BF4B-00C04F79EFBC}") = "o2rabbit.Core", "o2rabbit.Core\o2rabbit.Core.csproj", "{932B0897-2A23-4FD3-922C-F9FB8E1F87C0}"
EndProject
Project("{2150E333-8FDC-42A3-9474-1A3956D46DE8}") = "Tests", "Tests", "{90C1D01D-0856-4BD5-B9D9-519A9180C266}"
EndProject
Project("{FAE04EC0-301F-11D3-BF4B-00C04F79EFBC}") = "o2rabbit.BizLog.Tests", "o2rabbit.BizLog.Tests\o2rabbit.BizLog.Tests.csproj", "{6F8A8162-1F21-4F72-9078-E97636484AB7}"
EndProject
Project("{FAE04EC0-301F-11D3-BF4B-00C04F79EFBC}") = "o2rabbit.BizLog.Abstractions", "o2rabbit.BizLog.Abstractions\o2rabbit.BizLog.Abstractions.csproj", "{BA85B335-6353-4CAD-B345-0E2A5ABB1C7F}"
EndProject
Project("{2150E333-8FDC-42A3-9474-1A3956D46DE8}") = "Tools", "Tools", "{EEB1EAEF-4352-4D50-B34E-F67DE41B7E77}"
EndProject
Project("{2150E333-8FDC-42A3-9474-1A3956D46DE8}") = "Solution Items", "Solution Items", "{0DA0D63B-E4FD-4BAF-8D5E-942E1D319D69}"
EndProject
Project("{FAE04EC0-301F-11D3-BF4B-00C04F79EFBC}") = "o2rabbit.Api", "o2rabbit.Api\o2rabbit.Api.csproj", "{0756C327-9444-453D-A383-F45C35DC3A43}"
EndProject
Project("{FAE04EC0-301F-11D3-BF4B-00C04F79EFBC}") = "o2rabbit.BizLog", "o2rabbit.BizLog\o2rabbit.BizLog.csproj", "{6EDF9DEE-D2D9-4A07-92F3-CBBC50CB7101}"
EndProject
Project("{FAE04EC0-301F-11D3-BF4B-00C04F79EFBC}") = "o2rabbit.Migrations", "o2rabbit.Migrations\o2rabbit.Migrations.csproj", "{57F7B824-0002-43D2-BCDD-430A2D0D9CCF}"
EndProject
Project("{FAE04EC0-301F-11D3-BF4B-00C04F79EFBC}") = "o2rabbit.Api.Tests", "o2rabbit.Api.Tests\o2rabbit.Api.Tests.csproj", "{EFF22171-D277-49F4-8A90-144EC3890733}"
EndProject
Project("{FAE04EC0-301F-11D3-BF4B-00C04F79EFBC}") = "o2rabbit.Utilities", "o2rabbit.Utilities\o2rabbit.Utilities.csproj", "{71948AC5-7769-4F1F-B84E-4BE88EDF9E98}"
EndProject
Project("{FAE04EC0-301F-11D3-BF4B-00C04F79EFBC}") = "o2rabbit.Utilities.Tests", "o2rabbit.Utilities.Tests\o2rabbit.Utilities.Tests.csproj", "{E371D221-D1A4-4F2F-B539-FB7F095D4E98}"
EndProject
Global
	GlobalSection(SolutionConfigurationPlatforms) = preSolution
		Debug|Any CPU = Debug|Any CPU
		Release|Any CPU = Release|Any CPU
	EndGlobalSection
	GlobalSection(ProjectConfigurationPlatforms) = postSolution
		{932B0897-2A23-4FD3-922C-F9FB8E1F87C0}.Debug|Any CPU.ActiveCfg = Debug|Any CPU
		{932B0897-2A23-4FD3-922C-F9FB8E1F87C0}.Debug|Any CPU.Build.0 = Debug|Any CPU
		{932B0897-2A23-4FD3-922C-F9FB8E1F87C0}.Release|Any CPU.ActiveCfg = Release|Any CPU
		{932B0897-2A23-4FD3-922C-F9FB8E1F87C0}.Release|Any CPU.Build.0 = Release|Any CPU
		{6F8A8162-1F21-4F72-9078-E97636484AB7}.Debug|Any CPU.ActiveCfg = Debug|Any CPU
		{6F8A8162-1F21-4F72-9078-E97636484AB7}.Debug|Any CPU.Build.0 = Debug|Any CPU
		{6F8A8162-1F21-4F72-9078-E97636484AB7}.Release|Any CPU.ActiveCfg = Release|Any CPU
		{6F8A8162-1F21-4F72-9078-E97636484AB7}.Release|Any CPU.Build.0 = Release|Any CPU
		{BA85B335-6353-4CAD-B345-0E2A5ABB1C7F}.Debug|Any CPU.ActiveCfg = Debug|Any CPU
		{BA85B335-6353-4CAD-B345-0E2A5ABB1C7F}.Debug|Any CPU.Build.0 = Debug|Any CPU
		{BA85B335-6353-4CAD-B345-0E2A5ABB1C7F}.Release|Any CPU.ActiveCfg = Release|Any CPU
		{BA85B335-6353-4CAD-B345-0E2A5ABB1C7F}.Release|Any CPU.Build.0 = Release|Any CPU
		{0756C327-9444-453D-A383-F45C35DC3A43}.Debug|Any CPU.ActiveCfg = Debug|Any CPU
		{0756C327-9444-453D-A383-F45C35DC3A43}.Debug|Any CPU.Build.0 = Debug|Any CPU
		{0756C327-9444-453D-A383-F45C35DC3A43}.Release|Any CPU.ActiveCfg = Release|Any CPU
		{0756C327-9444-453D-A383-F45C35DC3A43}.Release|Any CPU.Build.0 = Release|Any CPU
		{6EDF9DEE-D2D9-4A07-92F3-CBBC50CB7101}.Debug|Any CPU.ActiveCfg = Debug|Any CPU
		{6EDF9DEE-D2D9-4A07-92F3-CBBC50CB7101}.Debug|Any CPU.Build.0 = Debug|Any CPU
		{6EDF9DEE-D2D9-4A07-92F3-CBBC50CB7101}.Release|Any CPU.ActiveCfg = Release|Any CPU
		{6EDF9DEE-D2D9-4A07-92F3-CBBC50CB7101}.Release|Any CPU.Build.0 = Release|Any CPU
		{57F7B824-0002-43D2-BCDD-430A2D0D9CCF}.Debug|Any CPU.ActiveCfg = Debug|Any CPU
		{57F7B824-0002-43D2-BCDD-430A2D0D9CCF}.Debug|Any CPU.Build.0 = Debug|Any CPU
		{57F7B824-0002-43D2-BCDD-430A2D0D9CCF}.Release|Any CPU.ActiveCfg = Release|Any CPU
		{57F7B824-0002-43D2-BCDD-430A2D0D9CCF}.Release|Any CPU.Build.0 = Release|Any CPU
		{EFF22171-D277-49F4-8A90-144EC3890733}.Debug|Any CPU.ActiveCfg = Debug|Any CPU
		{EFF22171-D277-49F4-8A90-144EC3890733}.Debug|Any CPU.Build.0 = Debug|Any CPU
		{EFF22171-D277-49F4-8A90-144EC3890733}.Release|Any CPU.ActiveCfg = Release|Any CPU
		{EFF22171-D277-49F4-8A90-144EC3890733}.Release|Any CPU.Build.0 = Release|Any CPU
		{71948AC5-7769-4F1F-B84E-4BE88EDF9E98}.Debug|Any CPU.ActiveCfg = Debug|Any CPU
		{71948AC5-7769-4F1F-B84E-4BE88EDF9E98}.Debug|Any CPU.Build.0 = Debug|Any CPU
		{71948AC5-7769-4F1F-B84E-4BE88EDF9E98}.Release|Any CPU.ActiveCfg = Release|Any CPU
		{71948AC5-7769-4F1F-B84E-4BE88EDF9E98}.Release|Any CPU.Build.0 = Release|Any CPU
		{E371D221-D1A4-4F2F-B539-FB7F095D4E98}.Debug|Any CPU.ActiveCfg = Debug|Any CPU
		{E371D221-D1A4-4F2F-B539-FB7F095D4E98}.Debug|Any CPU.Build.0 = Debug|Any CPU
		{E371D221-D1A4-4F2F-B539-FB7F095D4E98}.Release|Any CPU.ActiveCfg = Release|Any CPU
		{E371D221-D1A4-4F2F-B539-FB7F095D4E98}.Release|Any CPU.Build.0 = Release|Any CPU
	EndGlobalSection
	GlobalSection(NestedProjects) = preSolution
		{6F8A8162-1F21-4F72-9078-E97636484AB7} = {90C1D01D-0856-4BD5-B9D9-519A9180C266}
		{0756C327-9444-453D-A383-F45C35DC3A43} = {EEB1EAEF-4352-4D50-B34E-F67DE41B7E77}
		{57F7B824-0002-43D2-BCDD-430A2D0D9CCF} = {EEB1EAEF-4352-4D50-B34E-F67DE41B7E77}
		{EFF22171-D277-49F4-8A90-144EC3890733} = {90C1D01D-0856-4BD5-B9D9-519A9180C266}
		{E371D221-D1A4-4F2F-B539-FB7F095D4E98} = {90C1D01D-0856-4BD5-B9D9-519A9180C266}
	EndGlobalSection
EndGlobal
